
Microsoft Visual Studio Solution File, Format Version 12.00
# Visual Studio 15
VisualStudioVersion = 15.0.26124.0
MinimumVisualStudioVersion = 15.0.26124.0
Project("{2150E333-8FDC-42A3-9474-1A3956D46DE8}") = "src", "src", "{BD4FE9EE-691B-420F-B951-A47D814BC288}"
EndProject
Project("{FAE04EC0-301F-11D3-BF4B-00C04F79EFBC}") = "GradeBook", "src\GradeBook\GradeBook.csproj", "{2D8D3B18-8716-41D7-8D47-741BBC9C9DCF}"
EndProject
Project("{2150E333-8FDC-42A3-9474-1A3956D46DE8}") = "test", "test", "{F708256B-0722-485F-B3BA-1193C9A11881}"
EndProject
Project("{FAE04EC0-301F-11D3-BF4B-00C04F79EFBC}") = "GradeBook.Tests", "test\GradeBook.Tests\GradeBook.Tests.csproj", "{7BEFBF4D-37A1-4363-9F19-20A1E70B28F2}"
EndProject
Global
	GlobalSection(SolutionConfigurationPlatforms) = preSolution
		Debug|Any CPU = Debug|Any CPU
		Debug|x64 = Debug|x64
		Debug|x86 = Debug|x86
		Release|Any CPU = Release|Any CPU
		Release|x64 = Release|x64
		Release|x86 = Release|x86
	EndGlobalSection
	GlobalSection(SolutionProperties) = preSolution
		HideSolutionNode = FALSE
	EndGlobalSection
	GlobalSection(ProjectConfigurationPlatforms) = postSolution
		{2D8D3B18-8716-41D7-8D47-741BBC9C9DCF}.Debug|Any CPU.ActiveCfg = Debug|Any CPU
		{2D8D3B18-8716-41D7-8D47-741BBC9C9DCF}.Debug|Any CPU.Build.0 = Debug|Any CPU
		{2D8D3B18-8716-41D7-8D47-741BBC9C9DCF}.Debug|x64.ActiveCfg = Debug|Any CPU
		{2D8D3B18-8716-41D7-8D47-741BBC9C9DCF}.Debug|x64.Build.0 = Debug|Any CPU
		{2D8D3B18-8716-41D7-8D47-741BBC9C9DCF}.Debug|x86.ActiveCfg = Debug|Any CPU
		{2D8D3B18-8716-41D7-8D47-741BBC9C9DCF}.Debug|x86.Build.0 = Debug|Any CPU
		{2D8D3B18-8716-41D7-8D47-741BBC9C9DCF}.Release|Any CPU.ActiveCfg = Release|Any CPU
		{2D8D3B18-8716-41D7-8D47-741BBC9C9DCF}.Release|Any CPU.Build.0 = Release|Any CPU
		{2D8D3B18-8716-41D7-8D47-741BBC9C9DCF}.Release|x64.ActiveCfg = Release|Any CPU
		{2D8D3B18-8716-41D7-8D47-741BBC9C9DCF}.Release|x64.Build.0 = Release|Any CPU
		{2D8D3B18-8716-41D7-8D47-741BBC9C9DCF}.Release|x86.ActiveCfg = Release|Any CPU
		{2D8D3B18-8716-41D7-8D47-741BBC9C9DCF}.Release|x86.Build.0 = Release|Any CPU
		{7BEFBF4D-37A1-4363-9F19-20A1E70B28F2}.Debug|Any CPU.ActiveCfg = Debug|Any CPU
		{7BEFBF4D-37A1-4363-9F19-20A1E70B28F2}.Debug|Any CPU.Build.0 = Debug|Any CPU
		{7BEFBF4D-37A1-4363-9F19-20A1E70B28F2}.Debug|x64.ActiveCfg = Debug|Any CPU
		{7BEFBF4D-37A1-4363-9F19-20A1E70B28F2}.Debug|x64.Build.0 = Debug|Any CPU
		{7BEFBF4D-37A1-4363-9F19-20A1E70B28F2}.Debug|x86.ActiveCfg = Debug|Any CPU
		{7BEFBF4D-37A1-4363-9F19-20A1E70B28F2}.Debug|x86.Build.0 = Debug|Any CPU
		{7BEFBF4D-37A1-4363-9F19-20A1E70B28F2}.Release|Any CPU.ActiveCfg = Release|Any CPU
		{7BEFBF4D-37A1-4363-9F19-20A1E70B28F2}.Release|Any CPU.Build.0 = Release|Any CPU
		{7BEFBF4D-37A1-4363-9F19-20A1E70B28F2}.Release|x64.ActiveCfg = Release|Any CPU
		{7BEFBF4D-37A1-4363-9F19-20A1E70B28F2}.Release|x64.Build.0 = Release|Any CPU
		{7BEFBF4D-37A1-4363-9F19-20A1E70B28F2}.Release|x86.ActiveCfg = Release|Any CPU
		{7BEFBF4D-37A1-4363-9F19-20A1E70B28F2}.Release|x86.Build.0 = Release|Any CPU
	EndGlobalSection
	GlobalSection(NestedProjects) = preSolution
		{2D8D3B18-8716-41D7-8D47-741BBC9C9DCF} = {BD4FE9EE-691B-420F-B951-A47D814BC288}
		{7BEFBF4D-37A1-4363-9F19-20A1E70B28F2} = {F708256B-0722-485F-B3BA-1193C9A11881}
	EndGlobalSection
EndGlobal
